
Microsoft Visual Studio Solution File, Format Version 12.00
# Visual Studio Version 17
VisualStudioVersion = 17.9.34728.123
MinimumVisualStudioVersion = 10.0.40219.1
Project("{FAE04EC0-301F-11D3-BF4B-00C04F79EFBC}") = "PostOfficeDomain", "PostOfficeDomain\PostOfficeDomain.csproj", "{FA9090D3-A7CE-4D50-A437-185464BF8C21}"
EndProject
Project("{FAE04EC0-301F-11D3-BF4B-00C04F79EFBC}") = "PostOfficeInfrastructure", "PostOfficeInfrastructure\PostOfficeInfrastructure.csproj", "{DB866511-2572-46CB-8F18-37138F689698}"
EndProject
Global
	GlobalSection(SolutionConfigurationPlatforms) = preSolution
		Debug|Any CPU = Debug|Any CPU
		Release|Any CPU = Release|Any CPU
	EndGlobalSection
	GlobalSection(ProjectConfigurationPlatforms) = postSolution
		{FA9090D3-A7CE-4D50-A437-185464BF8C21}.Debug|Any CPU.ActiveCfg = Debug|Any CPU
		{FA9090D3-A7CE-4D50-A437-185464BF8C21}.Debug|Any CPU.Build.0 = Debug|Any CPU
		{FA9090D3-A7CE-4D50-A437-185464BF8C21}.Release|Any CPU.ActiveCfg = Release|Any CPU
		{FA9090D3-A7CE-4D50-A437-185464BF8C21}.Release|Any CPU.Build.0 = Release|Any CPU
		{DB866511-2572-46CB-8F18-37138F689698}.Debug|Any CPU.ActiveCfg = Debug|Any CPU
		{DB866511-2572-46CB-8F18-37138F689698}.Debug|Any CPU.Build.0 = Debug|Any CPU
		{DB866511-2572-46CB-8F18-37138F689698}.Release|Any CPU.ActiveCfg = Release|Any CPU
		{DB866511-2572-46CB-8F18-37138F689698}.Release|Any CPU.Build.0 = Release|Any CPU
	EndGlobalSection
	GlobalSection(SolutionProperties) = preSolution
		HideSolutionNode = FALSE
	EndGlobalSection
	GlobalSection(ExtensibilityGlobals) = postSolution
		SolutionGuid = {49881996-0A6F-4944-BAF0-B4DC99E4D077}
	EndGlobalSection
EndGlobal
